// !$*UTF8*$!
{
	archiveVersion = 1;
	classes = {
	};
	objectVersion = 48;
	objects = {

/* Begin PBXBuildFile section */
		481A25BE2175D36000FB8E9A /* CGPath+RoundedRect.swift in Sources */ = {isa = PBXBuildFile; fileRef = 481A25BC2175D36000FB8E9A /* CGPath+RoundedRect.swift */; };
		481A25C12175D38700FB8E9A /* CACornerMask+Convenience.swift in Sources */ = {isa = PBXBuildFile; fileRef = 481A25BF2175D38700FB8E9A /* CACornerMask+Convenience.swift */; };
		481BE6D42098362C00F12EDF /* Sequence+CompactMap.swift in Sources */ = {isa = PBXBuildFile; fileRef = 481BE6D22098362C00F12EDF /* Sequence+CompactMap.swift */; };
		481BE6D62098368E00F12EDF /* Sequence+CompactMap.swift in Sources */ = {isa = PBXBuildFile; fileRef = 481BE6D52098368E00F12EDF /* Sequence+CompactMap.swift */; };
		4826E57F208F533400A5BA9B /* Array+Decodable.swift in Sources */ = {isa = PBXBuildFile; fileRef = 4826E57D208F533400A5BA9B /* Array+Decodable.swift */; };
		4826E581208F534000A5BA9B /* Array+DecodableTests.swift in Sources */ = {isa = PBXBuildFile; fileRef = 4826E580208F534000A5BA9B /* Array+DecodableTests.swift */; };
		484D0654205927F0003C6CA3 /* Array+AllEqual.swift in Sources */ = {isa = PBXBuildFile; fileRef = 484D0652205927EC003C6CA3 /* Array+AllEqual.swift */; };
		484D065620592898003C6CA3 /* Array+AllEqualTests.swift in Sources */ = {isa = PBXBuildFile; fileRef = 484D065520592898003C6CA3 /* Array+AllEqualTests.swift */; };
		4853E38A2056BDE400938B82 /* SynchronizedTests.swift in Sources */ = {isa = PBXBuildFile; fileRef = 4853E3892056BDE400938B82 /* SynchronizedTests.swift */; };
		4853E38E2056CF2C00938B82 /* BXReadWriteLock.swift in Sources */ = {isa = PBXBuildFile; fileRef = 4853E38C2056CF2C00938B82 /* BXReadWriteLock.swift */; };
		4853E3902056D11500938B82 /* BXReadWriteLockTests.swift in Sources */ = {isa = PBXBuildFile; fileRef = 4853E38F2056D11500938B82 /* BXReadWriteLockTests.swift */; };
		485E0CF120B580CD001F2247 /* DispatchQueue+Main.swift in Sources */ = {isa = PBXBuildFile; fileRef = 485E0CEF20B580CD001F2247 /* DispatchQueue+Main.swift */; };
		487107F020A9B8E000120024 /* BXAtomic.swift in Sources */ = {isa = PBXBuildFile; fileRef = 487107EE20A9B8E000120024 /* BXAtomic.swift */; };
		4875F24F2051ECF9009985EC /* Array+ConcatenationTests.swift in Sources */ = {isa = PBXBuildFile; fileRef = 4875F24E2051ECF9009985EC /* Array+ConcatenationTests.swift */; };
		4875F2552051EF7F009985EC /* Collection+SafeAccessTests.swift in Sources */ = {isa = PBXBuildFile; fileRef = 4875F2542051EF7F009985EC /* Collection+SafeAccessTests.swift */; };
		4875F276205299F7009985EC /* Array+Concatenation.swift in Sources */ = {isa = PBXBuildFile; fileRef = 4875F2252051E9D0009985EC /* Array+Concatenation.swift */; };
		4875F277205299FB009985EC /* Collection+SafeAccess.swift in Sources */ = {isa = PBXBuildFile; fileRef = 4875F2502051EEF5009985EC /* Collection+SafeAccess.swift */; };
		4875F27820529A06009985EC /* DispatchQueue+Throttle.swift in Sources */ = {isa = PBXBuildFile; fileRef = D056D42E205276ED00849EF2 /* DispatchQueue+Throttle.swift */; };
		4875F27920529A0C009985EC /* BXSwiftUtils.h in Headers */ = {isa = PBXBuildFile; fileRef = 4875F20A2051E70E009985EC /* BXSwiftUtils.h */; settings = {ATTRIBUTES = (Public, ); }; };
		487A39CE2069174E007BEC66 /* TypedKVO.swift in Sources */ = {isa = PBXBuildFile; fileRef = 487A39CC2069174E007BEC66 /* TypedKVO.swift */; };
		487A39D320693A25007BEC66 /* KVO.swift in Sources */ = {isa = PBXBuildFile; fileRef = 487A39C920690635007BEC66 /* KVO.swift */; };
		487E641F20A0A659007C4A8A /* Collection+Flatten.swift in Sources */ = {isa = PBXBuildFile; fileRef = 487E641D20A0A659007C4A8A /* Collection+Flatten.swift */; };
		487E642120A0A6C0007C4A8A /* Collection+Flatten.swift in Sources */ = {isa = PBXBuildFile; fileRef = 487E642020A0A6C0007C4A8A /* Collection+Flatten.swift */; };
		489E56A92052CAD00071BBF1 /* BXLoggerTests.swift in Sources */ = {isa = PBXBuildFile; fileRef = 489E56A82052CAD00071BBF1 /* BXLoggerTests.swift */; };
		489E56AB2052CC770071BBF1 /* BXLogger.swift in Sources */ = {isa = PBXBuildFile; fileRef = D056D43C205296A500849EF2 /* BXLogger.swift */; };
		489E56AC2052CC7A0071BBF1 /* BXLogger+Domains.swift in Sources */ = {isa = PBXBuildFile; fileRef = D056D43B205296A500849EF2 /* BXLogger+Domains.swift */; };
		489E56AD2052CC800071BBF1 /* Synchronized.swift in Sources */ = {isa = PBXBuildFile; fileRef = D056D43F205296F100849EF2 /* Synchronized.swift */; };
		48A971DB2158F75800215F9F /* Equatable+IsContainedIn.swift in Sources */ = {isa = PBXBuildFile; fileRef = 48A971D92158F75800215F9F /* Equatable+IsContainedIn.swift */; };
		48A971DD2158F78400215F9F /* Equatable+IsContainedInTests.swift in Sources */ = {isa = PBXBuildFile; fileRef = 48A971DC2158F78400215F9F /* Equatable+IsContainedInTests.swift */; };
		48A971E22159024100215F9F /* Enum+Comparable.swift in Sources */ = {isa = PBXBuildFile; fileRef = 48A971E02159024100215F9F /* Enum+Comparable.swift */; };
		48A971E52159122800215F9F /* Enum+Comparable.swift in Sources */ = {isa = PBXBuildFile; fileRef = 48A971E42159122800215F9F /* Enum+Comparable.swift */; };
		48AD6C9E2147FCC400225D9C /* String+UniqueByIncrementing.swift in Sources */ = {isa = PBXBuildFile; fileRef = 48AD6C9C2147FCC400225D9C /* String+UniqueByIncrementing.swift */; };
		48AD6CA02147FD6400225D9C /* String+UniqueByIncrementingTests.swift in Sources */ = {isa = PBXBuildFile; fileRef = 48AD6C9F2147FD6400225D9C /* String+UniqueByIncrementingTests.swift */; };
		48B61918215E2C8000E6E037 /* BXCleanupPool.swift in Sources */ = {isa = PBXBuildFile; fileRef = 48B61916215E2C8000E6E037 /* BXCleanupPool.swift */; };
		48B6191B215E2CD300E6E037 /* BXCleanupPool+Tests.swift in Sources */ = {isa = PBXBuildFile; fileRef = 48B6191A215E2CD300E6E037 /* BXCleanupPool+Tests.swift */; };
		48B6191F215E35DB00E6E037 /* OptionalType.swift in Sources */ = {isa = PBXBuildFile; fileRef = 48B6191D215E35DB00E6E037 /* OptionalType.swift */; };
		48C248112088CE9400DC9317 /* NSAttributedString+Codable.swift in Sources */ = {isa = PBXBuildFile; fileRef = 48C2480F2088CE9400DC9317 /* NSAttributedString+Codable.swift */; };
		48C248142088CF4100DC9317 /* NSAttributedString+CodableTests.swift in Sources */ = {isa = PBXBuildFile; fileRef = 48C248132088CF4100DC9317 /* NSAttributedString+CodableTests.swift */; };
		48C3DF6620E10DC300359288 /* TypedKVO+propagateChanges.swift in Sources */ = {isa = PBXBuildFile; fileRef = 48C3DF6420E10DC300359288 /* TypedKVO+propagateChanges.swift */; };
		48C3DF6820E10E2400359288 /* TypedKVO+propagateChangesTests.swift in Sources */ = {isa = PBXBuildFile; fileRef = 48C3DF6720E10E2400359288 /* TypedKVO+propagateChangesTests.swift */; };
		48D9E36121A6B75E0057B930 /* Comparable+ClipTests.swift in Sources */ = {isa = PBXBuildFile; fileRef = 48D9E36021A6B75E0057B930 /* Comparable+ClipTests.swift */; };
		48DA8193206A4E9C009D1E6C /* KVOTests.swift in Sources */ = {isa = PBXBuildFile; fileRef = 48DA8192206A4E9C009D1E6C /* KVOTests.swift */; };
		48DA8199206A50DB009D1E6C /* NSException+ToSwiftError.h in Headers */ = {isa = PBXBuildFile; fileRef = 48DA8196206A50DB009D1E6C /* NSException+ToSwiftError.h */; settings = {ATTRIBUTES = (Public, ); }; };
		48DA819B206A50DB009D1E6C /* NSException+ToSwiftError.m in Sources */ = {isa = PBXBuildFile; fileRef = 48DA8197206A50DB009D1E6C /* NSException+ToSwiftError.m */; };
		48DA819E206A5268009D1E6C /* NSException+ToSwiftErrorTests.swift in Sources */ = {isa = PBXBuildFile; fileRef = 48DA819D206A5268009D1E6C /* NSException+ToSwiftErrorTests.swift */; };
		48DA81A6206B8154009D1E6C /* KVOTestsObjC.m in Sources */ = {isa = PBXBuildFile; fileRef = 48DA81A5206B8154009D1E6C /* KVOTestsObjC.m */; };
		48DA81D1206BCD92009D1E6C /* Collection+Pluck.swift in Sources */ = {isa = PBXBuildFile; fileRef = 48DA81CF206BCD92009D1E6C /* Collection+Pluck.swift */; };
		48DA81D3206BCE1C009D1E6C /* Collection+PluckTests.swift in Sources */ = {isa = PBXBuildFile; fileRef = 48DA81D2206BCE1C009D1E6C /* Collection+PluckTests.swift */; };
		48DE068B20876612000246CD /* Dictionary+EnumKeys.swift in Sources */ = {isa = PBXBuildFile; fileRef = 48DE068920876612000246CD /* Dictionary+EnumKeys.swift */; };
		48DE068D20876E52000246CD /* Dictionary+EnumKeysTests.swift in Sources */ = {isa = PBXBuildFile; fileRef = 48DE068C20876E52000246CD /* Dictionary+EnumKeysTests.swift */; };
		48DF72F520697E1E00D224AA /* TypedKVOTests.swift in Sources */ = {isa = PBXBuildFile; fileRef = 48DF72F420697E1E00D224AA /* TypedKVOTests.swift */; };
		48FF9BC820E116B100024C10 /* Weak.swift in Sources */ = {isa = PBXBuildFile; fileRef = 48FF9BC620E116B100024C10 /* Weak.swift */; };
		48FF9BCA20E1174C00024C10 /* Weak.swift in Sources */ = {isa = PBXBuildFile; fileRef = 48FF9BC920E1174C00024C10 /* Weak.swift */; };
		95CBED9321A5B4D100344220 /* Comparable+Clip.swift in Sources */ = {isa = PBXBuildFile; fileRef = 95CBED9221A5B4D100344220 /* Comparable+Clip.swift */; };
		95F2DBA821B7DD9000865AE4 /* Bool+Operators.swift in Sources */ = {isa = PBXBuildFile; fileRef = 95F2DBA721B7DD9000865AE4 /* Bool+Operators.swift */; };
		95F2DBAB21B7E3FE00865AE4 /* Bool+OperatorsTests.swift in Sources */ = {isa = PBXBuildFile; fileRef = 95F2DBA921B7E3C200865AE4 /* Bool+OperatorsTests.swift */; };
		D0149008213D566500A38870 /* KVO+propagateChanges.swift in Sources */ = {isa = PBXBuildFile; fileRef = D0149006213D566500A38870 /* KVO+propagateChanges.swift */; };
		D02C351B21E38D5100D8463F /* Numeric+LocalizedTests.swift in Sources */ = {isa = PBXBuildFile; fileRef = D02C351A21E38D5000D8463F /* Numeric+LocalizedTests.swift */; };
		D03234EB205BF939003D6CCB /* URL+Info.swift in Sources */ = {isa = PBXBuildFile; fileRef = D03234E9205BF938003D6CCB /* URL+Info.swift */; };
		D03234EF205BFC9F003D6CCB /* String+Localized.swift in Sources */ = {isa = PBXBuildFile; fileRef = D03234ED205BFC9F003D6CCB /* String+Localized.swift */; };
		D03234FA205C1CDB003D6CCB /* NSObject+Coalescing.swift in Sources */ = {isa = PBXBuildFile; fileRef = D056D42F205276ED00849EF2 /* NSObject+Coalescing.swift */; };
		D03234FE205C2919003D6CCB /* CGRect+Accessors.swift in Sources */ = {isa = PBXBuildFile; fileRef = D03234FB205C2919003D6CCB /* CGRect+Accessors.swift */; };
		D0323500205C2919003D6CCB /* CGPoint+Operators.swift in Sources */ = {isa = PBXBuildFile; fileRef = D03234FC205C2919003D6CCB /* CGPoint+Operators.swift */; };
		D0323504205C2C3B003D6CCB /* MTLTexture+Extensions.swift in Sources */ = {isa = PBXBuildFile; fileRef = D0323502205C2C3B003D6CCB /* MTLTexture+Extensions.swift */; };
		D0323508205C2CB8003D6CCB /* float4x4+ConvenienceInit.swift in Sources */ = {isa = PBXBuildFile; fileRef = D0323506205C2CB8003D6CCB /* float4x4+ConvenienceInit.swift */; };
		D032350E205C362A003D6CCB /* Date+Components.swift in Sources */ = {isa = PBXBuildFile; fileRef = D032350C205C362A003D6CCB /* Date+Components.swift */; };
		D03F13B920F36D57004C8306 /* MTLComputeCommandEncoder+Extensions.swift in Sources */ = {isa = PBXBuildFile; fileRef = D03F13B720F36D57004C8306 /* MTLComputeCommandEncoder+Extensions.swift */; };
		D046DF85216B7ED0004331C3 /* Optional+If.swift in Sources */ = {isa = PBXBuildFile; fileRef = D046DF84216B7ED0004331C3 /* Optional+If.swift */; };
		D046DF88216BAB59004331C3 /* String+DataDetection.swift in Sources */ = {isa = PBXBuildFile; fileRef = D046DF87216BAB59004331C3 /* String+DataDetection.swift */; };
		D05245CE2199A83900F1A9B5 /* BXSwiftUtils.framework in Frameworks */ = {isa = PBXBuildFile; fileRef = 4875F25F205299A6009985EC /* BXSwiftUtils.framework */; };
		D05D0C0821C6687100FAF3CC /* String+Paths.swift in Sources */ = {isa = PBXBuildFile; fileRef = D05D0C0721C6687100FAF3CC /* String+Paths.swift */; };
		D05D0C0A21C69EE200FAF3CC /* URL+Resolving.swift in Sources */ = {isa = PBXBuildFile; fileRef = D05D0C0921C69EE200FAF3CC /* URL+Resolving.swift */; };
		D05D0C0E21CD17AD00FAF3CC /* BXSignpostMixin.swift in Sources */ = {isa = PBXBuildFile; fileRef = D05D0C0D21CD17AD00FAF3CC /* BXSignpostMixin.swift */; };
		D0606C9520A5CFB50090D981 /* BXInstanceInfoMixin.swift in Sources */ = {isa = PBXBuildFile; fileRef = D0606C9320A5CFB50090D981 /* BXInstanceInfoMixin.swift */; };
		D0693F8B20AC1C4500B5893C /* UndoManager+Disabling.swift in Sources */ = {isa = PBXBuildFile; fileRef = D0693F8920AC1C4500B5893C /* UndoManager+Disabling.swift */; };
		D06CC91F2178B089009C2991 /* String+RegexTests.swift in Sources */ = {isa = PBXBuildFile; fileRef = D06CC91E2178B089009C2991 /* String+RegexTests.swift */; };
		D06CC9232178C5F9009C2991 /* Data+Mutation.swift in Sources */ = {isa = PBXBuildFile; fileRef = D06CC9222178C5F9009C2991 /* Data+Mutation.swift */; };
		D06CC9272178D209009C2991 /* Data+MutationTests.swift in Sources */ = {isa = PBXBuildFile; fileRef = D06CC9262178D209009C2991 /* Data+MutationTests.swift */; };
		D06CC92B2178EADA009C2991 /* Data+Checksum.swift in Sources */ = {isa = PBXBuildFile; fileRef = D06CC92A2178EADA009C2991 /* Data+Checksum.swift */; };
		D06CC93A2179DDE9009C2991 /* Data+TypeCasting.swift in Sources */ = {isa = PBXBuildFile; fileRef = D06CC9382179DDE9009C2991 /* Data+TypeCasting.swift */; };
		D06F462E209073D0000986B8 /* Collection+Codable.swift in Sources */ = {isa = PBXBuildFile; fileRef = D06F462C209073D0000986B8 /* Collection+Codable.swift */; };
		D07D760321DDF136008A6E32 /* Numeric+Localized.swift in Sources */ = {isa = PBXBuildFile; fileRef = D07D760221DDF136008A6E32 /* Numeric+Localized.swift */; };
		D07D760521DDF71D008A6E32 /* String+Timecode.swift in Sources */ = {isa = PBXBuildFile; fileRef = D07D760421DDF71D008A6E32 /* String+Timecode.swift */; };
		D0859FD22158F7DD00F624C7 /* URL+Contents.swift in Sources */ = {isa = PBXBuildFile; fileRef = D0859FD02158F7DD00F624C7 /* URL+Contents.swift */; };
		D0859FD52158F7E200F624C7 /* URL+ExtendedAttributes.swift in Sources */ = {isa = PBXBuildFile; fileRef = D0859FD32158F7E200F624C7 /* URL+ExtendedAttributes.swift */; };
		D0859FDD2158FBF100F624C7 /* CGSize+String.swift in Sources */ = {isa = PBXBuildFile; fileRef = D0859FDB2158FBF100F624C7 /* CGSize+String.swift */; };
		D0859FE02158FC7400F624C7 /* NSLocale+FMExtensions.swift in Sources */ = {isa = PBXBuildFile; fileRef = D0859FDE2158FC7400F624C7 /* NSLocale+FMExtensions.swift */; };
		D086A26021B95CD000ACF9CA /* CMTime+Logging.swift in Sources */ = {isa = PBXBuildFile; fileRef = D086A25F21B95CD000ACF9CA /* CMTime+Logging.swift */; };
		D0891244215A762200403100 /* CGPoint+String.swift in Sources */ = {isa = PBXBuildFile; fileRef = D0891243215A762200403100 /* CGPoint+String.swift */; };
		D089124B215B723C00403100 /* CGRect+String.swift in Sources */ = {isa = PBXBuildFile; fileRef = D089124A215B723C00403100 /* CGRect+String.swift */; };
		D08F44E121708CD90060FBAE /* String+Regex.swift in Sources */ = {isa = PBXBuildFile; fileRef = D08F44DF21708CD90060FBAE /* String+Regex.swift */; };
		D08F44E32170A4850060FBAE /* URL+ExtendedAttributesTests.swift in Sources */ = {isa = PBXBuildFile; fileRef = D08F44E22170A4850060FBAE /* URL+ExtendedAttributesTests.swift */; };
		D0B38D7821CE6F180068148D /* Array+Groups.swift in Sources */ = {isa = PBXBuildFile; fileRef = D0B38D7721CE6F180068148D /* Array+Groups.swift */; };
		D0C2294021BFD2D100A624F5 /* CVPixelBuffer+Extensions.swift in Sources */ = {isa = PBXBuildFile; fileRef = D0C2293F21BFD2D100A624F5 /* CVPixelBuffer+Extensions.swift */; };
		D0C47CE520EE55DA003D3FA3 /* Number+Random.swift in Sources */ = {isa = PBXBuildFile; fileRef = D0C47CE320EE55DA003D3FA3 /* Number+Random.swift */; };
		D0C8448B21D5FB3500229319 /* NotificationCenter+AutoRemoving.swift in Sources */ = {isa = PBXBuildFile; fileRef = D0C8448A21D5FB3500229319 /* NotificationCenter+AutoRemoving.swift */; };
		D0D9419B21A56B8800D6B43F /* DisplayableEnum.swift in Sources */ = {isa = PBXBuildFile; fileRef = D0D9419A21A56B8800D6B43F /* DisplayableEnum.swift */; };
		D0DA3333213DA04A00994E89 /* DispatchGroup+Once.swift in Sources */ = {isa = PBXBuildFile; fileRef = D0DA3331213DA04900994E89 /* DispatchGroup+Once.swift */; };
		D0EA52DB20F8992300A0EF6D /* MTKTextureLoader+Extensions.swift in Sources */ = {isa = PBXBuildFile; fileRef = D0EA52D920F8992300A0EF6D /* MTKTextureLoader+Extensions.swift */; };
/* End PBXBuildFile section */

/* Begin PBXFileReference section */
		481A257B2174939600FB8E9A /* deploy.sh */ = {isa = PBXFileReference; lastKnownFileType = text.script.sh; path = deploy.sh; sourceTree = "<group>"; };
		481A25BC2175D36000FB8E9A /* CGPath+RoundedRect.swift */ = {isa = PBXFileReference; lastKnownFileType = sourcecode.swift; path = "CGPath+RoundedRect.swift"; sourceTree = "<group>"; };
		481A25BF2175D38700FB8E9A /* CACornerMask+Convenience.swift */ = {isa = PBXFileReference; lastKnownFileType = sourcecode.swift; path = "CACornerMask+Convenience.swift"; sourceTree = "<group>"; };
		481BE6D22098362C00F12EDF /* Sequence+CompactMap.swift */ = {isa = PBXFileReference; lastKnownFileType = sourcecode.swift; path = "Sequence+CompactMap.swift"; sourceTree = "<group>"; };
		481BE6D52098368E00F12EDF /* Sequence+CompactMap.swift */ = {isa = PBXFileReference; lastKnownFileType = sourcecode.swift; path = "Sequence+CompactMap.swift"; sourceTree = "<group>"; };
		4826E57D208F533400A5BA9B /* Array+Decodable.swift */ = {isa = PBXFileReference; fileEncoding = 4; lastKnownFileType = sourcecode.swift; path = "Array+Decodable.swift"; sourceTree = "<group>"; };
		4826E580208F534000A5BA9B /* Array+DecodableTests.swift */ = {isa = PBXFileReference; fileEncoding = 4; lastKnownFileType = sourcecode.swift; path = "Array+DecodableTests.swift"; sourceTree = "<group>"; };
		484133732052D0C500DDB1E2 /* README.md */ = {isa = PBXFileReference; fileEncoding = 4; lastKnownFileType = net.daringfireball.markdown; path = README.md; sourceTree = "<group>"; };
		484D0652205927EC003C6CA3 /* Array+AllEqual.swift */ = {isa = PBXFileReference; lastKnownFileType = sourcecode.swift; path = "Array+AllEqual.swift"; sourceTree = "<group>"; };
		484D065520592898003C6CA3 /* Array+AllEqualTests.swift */ = {isa = PBXFileReference; lastKnownFileType = sourcecode.swift; path = "Array+AllEqualTests.swift"; sourceTree = "<group>"; };
		4853E3892056BDE400938B82 /* SynchronizedTests.swift */ = {isa = PBXFileReference; lastKnownFileType = sourcecode.swift; path = SynchronizedTests.swift; sourceTree = "<group>"; };
		4853E38C2056CF2C00938B82 /* BXReadWriteLock.swift */ = {isa = PBXFileReference; fileEncoding = 4; lastKnownFileType = sourcecode.swift; path = BXReadWriteLock.swift; sourceTree = "<group>"; };
		4853E38F2056D11500938B82 /* BXReadWriteLockTests.swift */ = {isa = PBXFileReference; lastKnownFileType = sourcecode.swift; path = BXReadWriteLockTests.swift; sourceTree = "<group>"; };
		485E0CEF20B580CD001F2247 /* DispatchQueue+Main.swift */ = {isa = PBXFileReference; lastKnownFileType = sourcecode.swift; path = "DispatchQueue+Main.swift"; sourceTree = "<group>"; };
		487107EE20A9B8E000120024 /* BXAtomic.swift */ = {isa = PBXFileReference; lastKnownFileType = sourcecode.swift; path = BXAtomic.swift; sourceTree = "<group>"; };
		4875F20A2051E70E009985EC /* BXSwiftUtils.h */ = {isa = PBXFileReference; lastKnownFileType = sourcecode.c.h; path = BXSwiftUtils.h; sourceTree = "<group>"; };
		4875F20B2051E70E009985EC /* Info.plist */ = {isa = PBXFileReference; lastKnownFileType = text.plist.xml; path = Info.plist; sourceTree = "<group>"; };
		4875F2102051E70E009985EC /* BXSwiftUtils-Tests.xctest */ = {isa = PBXFileReference; explicitFileType = wrapper.cfbundle; includeInIndex = 0; path = "BXSwiftUtils-Tests.xctest"; sourceTree = BUILT_PRODUCTS_DIR; };
		4875F2172051E70E009985EC /* Info.plist */ = {isa = PBXFileReference; lastKnownFileType = text.plist.xml; path = Info.plist; sourceTree = "<group>"; };
		4875F2232051E7F4009985EC /* STYLEGUIDE.md */ = {isa = PBXFileReference; lastKnownFileType = net.daringfireball.markdown; path = STYLEGUIDE.md; sourceTree = "<group>"; };
		4875F2252051E9D0009985EC /* Array+Concatenation.swift */ = {isa = PBXFileReference; lastKnownFileType = sourcecode.swift; path = "Array+Concatenation.swift"; sourceTree = "<group>"; };
		4875F24E2051ECF9009985EC /* Array+ConcatenationTests.swift */ = {isa = PBXFileReference; lastKnownFileType = sourcecode.swift; path = "Array+ConcatenationTests.swift"; sourceTree = "<group>"; };
		4875F2502051EEF5009985EC /* Collection+SafeAccess.swift */ = {isa = PBXFileReference; lastKnownFileType = sourcecode.swift; path = "Collection+SafeAccess.swift"; sourceTree = "<group>"; };
		4875F2542051EF7F009985EC /* Collection+SafeAccessTests.swift */ = {isa = PBXFileReference; lastKnownFileType = sourcecode.swift; path = "Collection+SafeAccessTests.swift"; sourceTree = "<group>"; };
		4875F25820528D28009985EC /* LICENSE */ = {isa = PBXFileReference; fileEncoding = 4; lastKnownFileType = text; path = LICENSE; sourceTree = "<group>"; };
		4875F25F205299A6009985EC /* BXSwiftUtils.framework */ = {isa = PBXFileReference; explicitFileType = wrapper.framework; includeInIndex = 0; path = BXSwiftUtils.framework; sourceTree = BUILT_PRODUCTS_DIR; };
		487A39C920690635007BEC66 /* KVO.swift */ = {isa = PBXFileReference; fileEncoding = 4; lastKnownFileType = sourcecode.swift; path = KVO.swift; sourceTree = "<group>"; };
		487A39CC2069174E007BEC66 /* TypedKVO.swift */ = {isa = PBXFileReference; lastKnownFileType = sourcecode.swift; path = TypedKVO.swift; sourceTree = "<group>"; };
		487E623020986792007C4A8A /* .gitignore */ = {isa = PBXFileReference; lastKnownFileType = text; path = .gitignore; sourceTree = SOURCE_ROOT; };
		487E62312098679A007C4A8A /* .travis.yml */ = {isa = PBXFileReference; lastKnownFileType = text; path = .travis.yml; sourceTree = SOURCE_ROOT; };
		487E641D20A0A659007C4A8A /* Collection+Flatten.swift */ = {isa = PBXFileReference; lastKnownFileType = sourcecode.swift; path = "Collection+Flatten.swift"; sourceTree = "<group>"; };
		487E642020A0A6C0007C4A8A /* Collection+Flatten.swift */ = {isa = PBXFileReference; lastKnownFileType = sourcecode.swift; path = "Collection+Flatten.swift"; sourceTree = "<group>"; };
		489E56A82052CAD00071BBF1 /* BXLoggerTests.swift */ = {isa = PBXFileReference; lastKnownFileType = sourcecode.swift; path = BXLoggerTests.swift; sourceTree = "<group>"; };
		48A971D92158F75800215F9F /* Equatable+IsContainedIn.swift */ = {isa = PBXFileReference; lastKnownFileType = sourcecode.swift; path = "Equatable+IsContainedIn.swift"; sourceTree = "<group>"; };
		48A971DC2158F78400215F9F /* Equatable+IsContainedInTests.swift */ = {isa = PBXFileReference; lastKnownFileType = sourcecode.swift; path = "Equatable+IsContainedInTests.swift"; sourceTree = "<group>"; };
		48A971E02159024100215F9F /* Enum+Comparable.swift */ = {isa = PBXFileReference; lastKnownFileType = sourcecode.swift; path = "Enum+Comparable.swift"; sourceTree = "<group>"; };
		48A971E42159122800215F9F /* Enum+Comparable.swift */ = {isa = PBXFileReference; lastKnownFileType = sourcecode.swift; path = "Enum+Comparable.swift"; sourceTree = "<group>"; };
		48AD6C9C2147FCC400225D9C /* String+UniqueByIncrementing.swift */ = {isa = PBXFileReference; lastKnownFileType = sourcecode.swift; path = "String+UniqueByIncrementing.swift"; sourceTree = "<group>"; };
		48AD6C9F2147FD6400225D9C /* String+UniqueByIncrementingTests.swift */ = {isa = PBXFileReference; lastKnownFileType = sourcecode.swift; name = "String+UniqueByIncrementingTests.swift"; path = "BXSwiftUtilsTests/Strings/String+UniqueByIncrementingTests.swift"; sourceTree = SOURCE_ROOT; };
		48B61916215E2C8000E6E037 /* BXCleanupPool.swift */ = {isa = PBXFileReference; lastKnownFileType = sourcecode.swift; path = BXCleanupPool.swift; sourceTree = "<group>"; };
		48B6191A215E2CD300E6E037 /* BXCleanupPool+Tests.swift */ = {isa = PBXFileReference; lastKnownFileType = sourcecode.swift; path = "BXCleanupPool+Tests.swift"; sourceTree = "<group>"; };
		48B6191D215E35DB00E6E037 /* OptionalType.swift */ = {isa = PBXFileReference; lastKnownFileType = sourcecode.swift; path = OptionalType.swift; sourceTree = "<group>"; };
		48C2480F2088CE9400DC9317 /* NSAttributedString+Codable.swift */ = {isa = PBXFileReference; lastKnownFileType = sourcecode.swift; path = "NSAttributedString+Codable.swift"; sourceTree = "<group>"; };
		48C248132088CF4100DC9317 /* NSAttributedString+CodableTests.swift */ = {isa = PBXFileReference; lastKnownFileType = sourcecode.swift; path = "NSAttributedString+CodableTests.swift"; sourceTree = "<group>"; };
		48C3DF6420E10DC300359288 /* TypedKVO+propagateChanges.swift */ = {isa = PBXFileReference; lastKnownFileType = sourcecode.swift; path = "TypedKVO+propagateChanges.swift"; sourceTree = "<group>"; };
		48C3DF6720E10E2400359288 /* TypedKVO+propagateChangesTests.swift */ = {isa = PBXFileReference; lastKnownFileType = sourcecode.swift; path = "TypedKVO+propagateChangesTests.swift"; sourceTree = "<group>"; };
		48D9E36021A6B75E0057B930 /* Comparable+ClipTests.swift */ = {isa = PBXFileReference; lastKnownFileType = sourcecode.swift; path = "Comparable+ClipTests.swift"; sourceTree = "<group>"; };
		48DA8192206A4E9C009D1E6C /* KVOTests.swift */ = {isa = PBXFileReference; lastKnownFileType = sourcecode.swift; path = KVOTests.swift; sourceTree = "<group>"; };
		48DA8196206A50DB009D1E6C /* NSException+ToSwiftError.h */ = {isa = PBXFileReference; lastKnownFileType = sourcecode.c.h; path = "NSException+ToSwiftError.h"; sourceTree = "<group>"; };
		48DA8197206A50DB009D1E6C /* NSException+ToSwiftError.m */ = {isa = PBXFileReference; lastKnownFileType = sourcecode.c.objc; path = "NSException+ToSwiftError.m"; sourceTree = "<group>"; };
		48DA819D206A5268009D1E6C /* NSException+ToSwiftErrorTests.swift */ = {isa = PBXFileReference; lastKnownFileType = sourcecode.swift; path = "NSException+ToSwiftErrorTests.swift"; sourceTree = "<group>"; };
		48DA81A5206B8154009D1E6C /* KVOTestsObjC.m */ = {isa = PBXFileReference; lastKnownFileType = sourcecode.c.objc; path = KVOTestsObjC.m; sourceTree = "<group>"; };
		48DA81CF206BCD92009D1E6C /* Collection+Pluck.swift */ = {isa = PBXFileReference; lastKnownFileType = sourcecode.swift; path = "Collection+Pluck.swift"; sourceTree = "<group>"; };
		48DA81D2206BCE1C009D1E6C /* Collection+PluckTests.swift */ = {isa = PBXFileReference; lastKnownFileType = sourcecode.swift; path = "Collection+PluckTests.swift"; sourceTree = "<group>"; };
		48DE068920876612000246CD /* Dictionary+EnumKeys.swift */ = {isa = PBXFileReference; lastKnownFileType = sourcecode.swift; path = "Dictionary+EnumKeys.swift"; sourceTree = "<group>"; };
		48DE068C20876E52000246CD /* Dictionary+EnumKeysTests.swift */ = {isa = PBXFileReference; lastKnownFileType = sourcecode.swift; path = "Dictionary+EnumKeysTests.swift"; sourceTree = "<group>"; };
		48DF72F420697E1E00D224AA /* TypedKVOTests.swift */ = {isa = PBXFileReference; lastKnownFileType = sourcecode.swift; path = TypedKVOTests.swift; sourceTree = "<group>"; };
		48FF9BC620E116B100024C10 /* Weak.swift */ = {isa = PBXFileReference; lastKnownFileType = sourcecode.swift; path = Weak.swift; sourceTree = "<group>"; };
		48FF9BC920E1174C00024C10 /* Weak.swift */ = {isa = PBXFileReference; lastKnownFileType = sourcecode.swift; path = Weak.swift; sourceTree = "<group>"; };
		95CBED9221A5B4D100344220 /* Comparable+Clip.swift */ = {isa = PBXFileReference; lastKnownFileType = sourcecode.swift; path = "Comparable+Clip.swift"; sourceTree = "<group>"; };
		95F2DBA721B7DD9000865AE4 /* Bool+Operators.swift */ = {isa = PBXFileReference; lastKnownFileType = sourcecode.swift; path = "Bool+Operators.swift"; sourceTree = "<group>"; };
		95F2DBA921B7E3C200865AE4 /* Bool+OperatorsTests.swift */ = {isa = PBXFileReference; lastKnownFileType = sourcecode.swift; path = "Bool+OperatorsTests.swift"; sourceTree = "<group>"; };
		D0149006213D566500A38870 /* KVO+propagateChanges.swift */ = {isa = PBXFileReference; lastKnownFileType = sourcecode.swift; path = "KVO+propagateChanges.swift"; sourceTree = "<group>"; };
		D02C351A21E38D5000D8463F /* Numeric+LocalizedTests.swift */ = {isa = PBXFileReference; lastKnownFileType = sourcecode.swift; path = "Numeric+LocalizedTests.swift"; sourceTree = "<group>"; };
		D03234E9205BF938003D6CCB /* URL+Info.swift */ = {isa = PBXFileReference; fileEncoding = 4; lastKnownFileType = sourcecode.swift; path = "URL+Info.swift"; sourceTree = "<group>"; };
		D03234ED205BFC9F003D6CCB /* String+Localized.swift */ = {isa = PBXFileReference; fileEncoding = 4; lastKnownFileType = sourcecode.swift; path = "String+Localized.swift"; sourceTree = "<group>"; };
		D03234FB205C2919003D6CCB /* CGRect+Accessors.swift */ = {isa = PBXFileReference; fileEncoding = 4; lastKnownFileType = sourcecode.swift; path = "CGRect+Accessors.swift"; sourceTree = "<group>"; };
		D03234FC205C2919003D6CCB /* CGPoint+Operators.swift */ = {isa = PBXFileReference; fileEncoding = 4; lastKnownFileType = sourcecode.swift; path = "CGPoint+Operators.swift"; sourceTree = "<group>"; };
		D0323502205C2C3B003D6CCB /* MTLTexture+Extensions.swift */ = {isa = PBXFileReference; fileEncoding = 4; lastKnownFileType = sourcecode.swift; path = "MTLTexture+Extensions.swift"; sourceTree = "<group>"; };
		D0323506205C2CB8003D6CCB /* float4x4+ConvenienceInit.swift */ = {isa = PBXFileReference; fileEncoding = 4; lastKnownFileType = sourcecode.swift; path = "float4x4+ConvenienceInit.swift"; sourceTree = "<group>"; };
		D032350C205C362A003D6CCB /* Date+Components.swift */ = {isa = PBXFileReference; fileEncoding = 4; lastKnownFileType = sourcecode.swift; path = "Date+Components.swift"; sourceTree = "<group>"; };
		D03F13B720F36D57004C8306 /* MTLComputeCommandEncoder+Extensions.swift */ = {isa = PBXFileReference; lastKnownFileType = sourcecode.swift; path = "MTLComputeCommandEncoder+Extensions.swift"; sourceTree = "<group>"; };
		D046DF84216B7ED0004331C3 /* Optional+If.swift */ = {isa = PBXFileReference; lastKnownFileType = sourcecode.swift; path = "Optional+If.swift"; sourceTree = "<group>"; };
		D046DF87216BAB59004331C3 /* String+DataDetection.swift */ = {isa = PBXFileReference; lastKnownFileType = sourcecode.swift; path = "String+DataDetection.swift"; sourceTree = "<group>"; };
		D0542502219978E200BE2A42 /* BXSwiftUtils.xcconfig */ = {isa = PBXFileReference; lastKnownFileType = text.xcconfig; path = BXSwiftUtils.xcconfig; sourceTree = "<group>"; };
		D056D42E205276ED00849EF2 /* DispatchQueue+Throttle.swift */ = {isa = PBXFileReference; fileEncoding = 4; lastKnownFileType = sourcecode.swift; path = "DispatchQueue+Throttle.swift"; sourceTree = "<group>"; };
		D056D42F205276ED00849EF2 /* NSObject+Coalescing.swift */ = {isa = PBXFileReference; fileEncoding = 4; lastKnownFileType = sourcecode.swift; path = "NSObject+Coalescing.swift"; sourceTree = "<group>"; };
		D056D43B205296A500849EF2 /* BXLogger+Domains.swift */ = {isa = PBXFileReference; fileEncoding = 4; lastKnownFileType = sourcecode.swift; path = "BXLogger+Domains.swift"; sourceTree = "<group>"; };
		D056D43C205296A500849EF2 /* BXLogger.swift */ = {isa = PBXFileReference; fileEncoding = 4; lastKnownFileType = sourcecode.swift; path = BXLogger.swift; sourceTree = "<group>"; };
		D056D43F205296F100849EF2 /* Synchronized.swift */ = {isa = PBXFileReference; fileEncoding = 4; lastKnownFileType = sourcecode.swift; path = Synchronized.swift; sourceTree = "<group>"; };
		D05D0C0721C6687100FAF3CC /* String+Paths.swift */ = {isa = PBXFileReference; lastKnownFileType = sourcecode.swift; path = "String+Paths.swift"; sourceTree = "<group>"; };
		D05D0C0921C69EE200FAF3CC /* URL+Resolving.swift */ = {isa = PBXFileReference; lastKnownFileType = sourcecode.swift; path = "URL+Resolving.swift"; sourceTree = "<group>"; };
		D05D0C0D21CD17AD00FAF3CC /* BXSignpostMixin.swift */ = {isa = PBXFileReference; lastKnownFileType = sourcecode.swift; path = BXSignpostMixin.swift; sourceTree = "<group>"; };
		D0606C9320A5CFB50090D981 /* BXInstanceInfoMixin.swift */ = {isa = PBXFileReference; fileEncoding = 4; lastKnownFileType = sourcecode.swift; path = BXInstanceInfoMixin.swift; sourceTree = "<group>"; };
		D0693F8920AC1C4500B5893C /* UndoManager+Disabling.swift */ = {isa = PBXFileReference; fileEncoding = 4; lastKnownFileType = sourcecode.swift; path = "UndoManager+Disabling.swift"; sourceTree = "<group>"; };
		D06CC91E2178B089009C2991 /* String+RegexTests.swift */ = {isa = PBXFileReference; lastKnownFileType = sourcecode.swift; path = "String+RegexTests.swift"; sourceTree = "<group>"; };
		D06CC9222178C5F9009C2991 /* Data+Mutation.swift */ = {isa = PBXFileReference; lastKnownFileType = sourcecode.swift; path = "Data+Mutation.swift"; sourceTree = "<group>"; };
		D06CC9262178D209009C2991 /* Data+MutationTests.swift */ = {isa = PBXFileReference; lastKnownFileType = sourcecode.swift; path = "Data+MutationTests.swift"; sourceTree = "<group>"; };
		D06CC92A2178EADA009C2991 /* Data+Checksum.swift */ = {isa = PBXFileReference; lastKnownFileType = sourcecode.swift; path = "Data+Checksum.swift"; sourceTree = "<group>"; };
		D06CC9382179DDE9009C2991 /* Data+TypeCasting.swift */ = {isa = PBXFileReference; fileEncoding = 4; lastKnownFileType = sourcecode.swift; path = "Data+TypeCasting.swift"; sourceTree = "<group>"; };
		D06F462C209073D0000986B8 /* Collection+Codable.swift */ = {isa = PBXFileReference; fileEncoding = 4; lastKnownFileType = sourcecode.swift; path = "Collection+Codable.swift"; sourceTree = "<group>"; };
		D07D760221DDF136008A6E32 /* Numeric+Localized.swift */ = {isa = PBXFileReference; lastKnownFileType = sourcecode.swift; path = "Numeric+Localized.swift"; sourceTree = "<group>"; };
		D07D760421DDF71D008A6E32 /* String+Timecode.swift */ = {isa = PBXFileReference; lastKnownFileType = sourcecode.swift; path = "String+Timecode.swift"; sourceTree = "<group>"; };
		D0859FD02158F7DD00F624C7 /* URL+Contents.swift */ = {isa = PBXFileReference; fileEncoding = 4; lastKnownFileType = sourcecode.swift; path = "URL+Contents.swift"; sourceTree = "<group>"; };
		D0859FD32158F7E200F624C7 /* URL+ExtendedAttributes.swift */ = {isa = PBXFileReference; fileEncoding = 4; lastKnownFileType = sourcecode.swift; path = "URL+ExtendedAttributes.swift"; sourceTree = "<group>"; };
		D0859FDB2158FBF100F624C7 /* CGSize+String.swift */ = {isa = PBXFileReference; fileEncoding = 4; lastKnownFileType = sourcecode.swift; path = "CGSize+String.swift"; sourceTree = "<group>"; };
		D0859FDE2158FC7400F624C7 /* NSLocale+FMExtensions.swift */ = {isa = PBXFileReference; fileEncoding = 4; lastKnownFileType = sourcecode.swift; path = "NSLocale+FMExtensions.swift"; sourceTree = "<group>"; };
		D086A25F21B95CD000ACF9CA /* CMTime+Logging.swift */ = {isa = PBXFileReference; fileEncoding = 4; lastKnownFileType = sourcecode.swift; path = "CMTime+Logging.swift"; sourceTree = "<group>"; };
		D0891243215A762200403100 /* CGPoint+String.swift */ = {isa = PBXFileReference; lastKnownFileType = sourcecode.swift; path = "CGPoint+String.swift"; sourceTree = "<group>"; };
		D089124A215B723C00403100 /* CGRect+String.swift */ = {isa = PBXFileReference; lastKnownFileType = sourcecode.swift; path = "CGRect+String.swift"; sourceTree = "<group>"; };
		D08F44DF21708CD90060FBAE /* String+Regex.swift */ = {isa = PBXFileReference; lastKnownFileType = sourcecode.swift; path = "String+Regex.swift"; sourceTree = "<group>"; };
		D08F44E22170A4850060FBAE /* URL+ExtendedAttributesTests.swift */ = {isa = PBXFileReference; lastKnownFileType = sourcecode.swift; path = "URL+ExtendedAttributesTests.swift"; sourceTree = "<group>"; };
		D0B38D7721CE6F180068148D /* Array+Groups.swift */ = {isa = PBXFileReference; lastKnownFileType = sourcecode.swift; path = "Array+Groups.swift"; sourceTree = "<group>"; };
		D0C2293F21BFD2D100A624F5 /* CVPixelBuffer+Extensions.swift */ = {isa = PBXFileReference; lastKnownFileType = sourcecode.swift; path = "CVPixelBuffer+Extensions.swift"; sourceTree = "<group>"; };
		D0C47CE320EE55DA003D3FA3 /* Number+Random.swift */ = {isa = PBXFileReference; fileEncoding = 4; lastKnownFileType = sourcecode.swift; path = "Number+Random.swift"; sourceTree = "<group>"; };
		D0C8448A21D5FB3500229319 /* NotificationCenter+AutoRemoving.swift */ = {isa = PBXFileReference; lastKnownFileType = sourcecode.swift; path = "NotificationCenter+AutoRemoving.swift"; sourceTree = "<group>"; };
		D0D9419A21A56B8800D6B43F /* DisplayableEnum.swift */ = {isa = PBXFileReference; lastKnownFileType = sourcecode.swift; path = DisplayableEnum.swift; sourceTree = "<group>"; };
		D0DA3331213DA04900994E89 /* DispatchGroup+Once.swift */ = {isa = PBXFileReference; lastKnownFileType = sourcecode.swift; path = "DispatchGroup+Once.swift"; sourceTree = "<group>"; };
		D0EA52D920F8992300A0EF6D /* MTKTextureLoader+Extensions.swift */ = {isa = PBXFileReference; lastKnownFileType = sourcecode.swift; path = "MTKTextureLoader+Extensions.swift"; sourceTree = "<group>"; };
/* End PBXFileReference section */

/* Begin PBXFrameworksBuildPhase section */
		4875F20D2051E70E009985EC /* Frameworks */ = {
			isa = PBXFrameworksBuildPhase;
			buildActionMask = 2147483647;
			files = (
				D05245CE2199A83900F1A9B5 /* BXSwiftUtils.framework in Frameworks */,
			);
			runOnlyForDeploymentPostprocessing = 0;
		};
		4875F25B205299A6009985EC /* Frameworks */ = {
			isa = PBXFrameworksBuildPhase;
			buildActionMask = 2147483647;
			files = (
			);
			runOnlyForDeploymentPostprocessing = 0;
		};
/* End PBXFrameworksBuildPhase section */

/* Begin PBXGroup section */
		481A257D217493D400FB8E9A /* Config */ = {
			isa = PBXGroup;
			children = (
				D0542502219978E200BE2A42 /* BXSwiftUtils.xcconfig */,
				4875F20A2051E70E009985EC /* BXSwiftUtils.h */,
				4875F20B2051E70E009985EC /* Info.plist */,
				484133732052D0C500DDB1E2 /* README.md */,
				4875F2232051E7F4009985EC /* STYLEGUIDE.md */,
				4875F25820528D28009985EC /* LICENSE */,
				487E623020986792007C4A8A /* .gitignore */,
				487E62312098679A007C4A8A /* .travis.yml */,
				481A257B2174939600FB8E9A /* deploy.sh */,
			);
			name = Config;
			sourceTree = "<group>";
		};
		4853E3882056BDB500938B82 /* Threading */ = {
			isa = PBXGroup;
			children = (
				4853E3892056BDE400938B82 /* SynchronizedTests.swift */,
				4853E38F2056D11500938B82 /* BXReadWriteLockTests.swift */,
			);
			path = Threading;
			sourceTree = "<group>";
		};
		4875F1FD2051E70E009985EC = {
			isa = PBXGroup;
			children = (
				481A257D217493D400FB8E9A /* Config */,
				4875F2092051E70E009985EC /* BXSwiftUtils */,
				4875F2142051E70E009985EC /* BXSwiftUtilsTests */,
				4875F2082051E70E009985EC /* Products */,
				D05245CD2199A83900F1A9B5 /* Frameworks */,
			);
			sourceTree = "<group>";
		};
		4875F2082051E70E009985EC /* Products */ = {
			isa = PBXGroup;
			children = (
				4875F2102051E70E009985EC /* BXSwiftUtils-Tests.xctest */,
				4875F25F205299A6009985EC /* BXSwiftUtils.framework */,
			);
			name = Products;
			sourceTree = "<group>";
		};
		4875F2092051E70E009985EC /* BXSwiftUtils */ = {
			isa = PBXGroup;
			children = (
				48A971DF2159022D00215F9F /* Enums */,
				D056D43A2052968A00849EF2 /* Logging */,
				D056D43220527B7500849EF2 /* Threading */,
				48DA8195206A509A009D1E6C /* Exceptions */,
				487A39C820690628007BEC66 /* KVO & Notifications */,
				48B61915215E2C2300E6E037 /* Memory Management */,
				D0693F8820AC1C2700B5893C /* Undo */,
				D03234EC205BF93E003D6CCB /* Files */,
				D03234F0205BFCA4003D6CCB /* Strings */,
				D06CC9252178C619009C2991 /* Data */,
				D032350F205C362F003D6CCB /* Date & Time */,
				D0323501205C2923003D6CCB /* Math & Geometry */,
				4875F2242051E9B7009985EC /* Collections */,
				D0323505205C2C3E003D6CCB /* Graphics */,
				48E449CE205BBE55008CF3D5 /* Locale */,
			);
			path = BXSwiftUtils;
			sourceTree = "<group>";
		};
		4875F2142051E70E009985EC /* BXSwiftUtilsTests */ = {
			isa = PBXGroup;
			children = (
				48A971E32159121000215F9F /* Enums */,
				48DA819C206A5239009D1E6C /* Exceptions */,
				48DF72EE20697DCE00D224AA /* KVO */,
				48B61919215E2CBF00E6E037 /* Memory Management */,
				D06CC9212178C096009C2991 /* Files */,
				48C248122088CF1C00DC9317 /* Strings */,
				D06CC9292178D22A009C2991 /* Data */,
				48D9E35F21A6B73D0057B930 /* Math & Geometry */,
				4875F24C2051EC75009985EC /* Collection */,
				489E56A72052CAB30071BBF1 /* Logging */,
				4853E3882056BDB500938B82 /* Threading */,
				4875F2172051E70E009985EC /* Info.plist */,
			);
			path = BXSwiftUtilsTests;
			sourceTree = "<group>";
		};
		4875F2242051E9B7009985EC /* Collections */ = {
			isa = PBXGroup;
			children = (
				4875F2252051E9D0009985EC /* Array+Concatenation.swift */,
				484D0652205927EC003C6CA3 /* Array+AllEqual.swift */,
				4826E57D208F533400A5BA9B /* Array+Decodable.swift */,
				D0B38D7721CE6F180068148D /* Array+Groups.swift */,
				4875F2502051EEF5009985EC /* Collection+SafeAccess.swift */,
				48DA81CF206BCD92009D1E6C /* Collection+Pluck.swift */,
				D06F462C209073D0000986B8 /* Collection+Codable.swift */,
				487E641D20A0A659007C4A8A /* Collection+Flatten.swift */,
				48DE068920876612000246CD /* Dictionary+EnumKeys.swift */,
				481BE6D22098362C00F12EDF /* Sequence+CompactMap.swift */,
				D046DF84216B7ED0004331C3 /* Optional+If.swift */,
				48FF9BC620E116B100024C10 /* Weak.swift */,
				48A971D92158F75800215F9F /* Equatable+IsContainedIn.swift */,
			);
			path = Collections;
			sourceTree = "<group>";
		};
		4875F24C2051EC75009985EC /* Collection */ = {
			isa = PBXGroup;
			children = (
				4875F24E2051ECF9009985EC /* Array+ConcatenationTests.swift */,
				484D065520592898003C6CA3 /* Array+AllEqualTests.swift */,
				4826E580208F534000A5BA9B /* Array+DecodableTests.swift */,
				4875F2542051EF7F009985EC /* Collection+SafeAccessTests.swift */,
				48DA81D2206BCE1C009D1E6C /* Collection+PluckTests.swift */,
				487E642020A0A6C0007C4A8A /* Collection+Flatten.swift */,
				48DE068C20876E52000246CD /* Dictionary+EnumKeysTests.swift */,
				481BE6D52098368E00F12EDF /* Sequence+CompactMap.swift */,
				48FF9BC920E1174C00024C10 /* Weak.swift */,
				48A971DC2158F78400215F9F /* Equatable+IsContainedInTests.swift */,
			);
			path = Collection;
			sourceTree = "<group>";
		};
		487A39C820690628007BEC66 /* KVO & Notifications */ = {
			isa = PBXGroup;
			children = (
				487A39C920690635007BEC66 /* KVO.swift */,
				D0149006213D566500A38870 /* KVO+propagateChanges.swift */,
				487A39CC2069174E007BEC66 /* TypedKVO.swift */,
				48C3DF6420E10DC300359288 /* TypedKVO+propagateChanges.swift */,
				D0C8448A21D5FB3500229319 /* NotificationCenter+AutoRemoving.swift */,
			);
			path = "KVO & Notifications";
			sourceTree = "<group>";
		};
		489E56A72052CAB30071BBF1 /* Logging */ = {
			isa = PBXGroup;
			children = (
				489E56A82052CAD00071BBF1 /* BXLoggerTests.swift */,
			);
			path = Logging;
			sourceTree = "<group>";
		};
		48A971DF2159022D00215F9F /* Enums */ = {
			isa = PBXGroup;
			children = (
				48A971E02159024100215F9F /* Enum+Comparable.swift */,
				D0D9419A21A56B8800D6B43F /* DisplayableEnum.swift */,
			);
			path = Enums;
			sourceTree = "<group>";
		};
		48A971E32159121000215F9F /* Enums */ = {
			isa = PBXGroup;
			children = (
				48A971E42159122800215F9F /* Enum+Comparable.swift */,
			);
			path = Enums;
			sourceTree = "<group>";
		};
		48B61915215E2C2300E6E037 /* Memory Management */ = {
			isa = PBXGroup;
			children = (
				48B6191D215E35DB00E6E037 /* OptionalType.swift */,
				48B61916215E2C8000E6E037 /* BXCleanupPool.swift */,
			);
			path = "Memory Management";
			sourceTree = "<group>";
		};
		48B61919215E2CBF00E6E037 /* Memory Management */ = {
			isa = PBXGroup;
			children = (
				48B6191A215E2CD300E6E037 /* BXCleanupPool+Tests.swift */,
			);
			path = "Memory Management";
			sourceTree = "<group>";
		};
		48C248122088CF1C00DC9317 /* Strings */ = {
			isa = PBXGroup;
			children = (
				48C248132088CF4100DC9317 /* NSAttributedString+CodableTests.swift */,
				48AD6C9F2147FD6400225D9C /* String+UniqueByIncrementingTests.swift */,
				D06CC91E2178B089009C2991 /* String+RegexTests.swift */,
				D02C351A21E38D5000D8463F /* Numeric+LocalizedTests.swift */,
			);
			path = Strings;
			sourceTree = "<group>";
		};
		48D9E35F21A6B73D0057B930 /* Math & Geometry */ = {
			isa = PBXGroup;
			children = (
				48D9E36021A6B75E0057B930 /* Comparable+ClipTests.swift */,
				95F2DBA921B7E3C200865AE4 /* Bool+OperatorsTests.swift */,
			);
			path = "Math & Geometry";
			sourceTree = "<group>";
		};
		48DA8195206A509A009D1E6C /* Exceptions */ = {
			isa = PBXGroup;
			children = (
				48DA8196206A50DB009D1E6C /* NSException+ToSwiftError.h */,
				48DA8197206A50DB009D1E6C /* NSException+ToSwiftError.m */,
			);
			path = Exceptions;
			sourceTree = "<group>";
		};
		48DA819C206A5239009D1E6C /* Exceptions */ = {
			isa = PBXGroup;
			children = (
				48DA819D206A5268009D1E6C /* NSException+ToSwiftErrorTests.swift */,
			);
			path = Exceptions;
			sourceTree = "<group>";
		};
		48DF72EE20697DCE00D224AA /* KVO */ = {
			isa = PBXGroup;
			children = (
				48DA8192206A4E9C009D1E6C /* KVOTests.swift */,
				48DF72F420697E1E00D224AA /* TypedKVOTests.swift */,
				48C3DF6720E10E2400359288 /* TypedKVO+propagateChangesTests.swift */,
				48DA81A5206B8154009D1E6C /* KVOTestsObjC.m */,
			);
			path = KVO;
			sourceTree = "<group>";
		};
		48E449CE205BBE55008CF3D5 /* Locale */ = {
			isa = PBXGroup;
			children = (
				D0859FDE2158FC7400F624C7 /* NSLocale+FMExtensions.swift */,
			);
			path = Locale;
			sourceTree = "<group>";
		};
		D03234EC205BF93E003D6CCB /* Files */ = {
			isa = PBXGroup;
			children = (
				D03234E9205BF938003D6CCB /* URL+Info.swift */,
				D0859FD02158F7DD00F624C7 /* URL+Contents.swift */,
				D05D0C0921C69EE200FAF3CC /* URL+Resolving.swift */,
				D0859FD32158F7E200F624C7 /* URL+ExtendedAttributes.swift */,
			);
			path = Files;
			sourceTree = "<group>";
		};
		D03234F0205BFCA4003D6CCB /* Strings */ = {
			isa = PBXGroup;
			children = (
				D03234ED205BFC9F003D6CCB /* String+Localized.swift */,
				D07D760221DDF136008A6E32 /* Numeric+Localized.swift */,
				D07D760421DDF71D008A6E32 /* String+Timecode.swift */,
				48AD6C9C2147FCC400225D9C /* String+UniqueByIncrementing.swift */,
				D046DF87216BAB59004331C3 /* String+DataDetection.swift */,
				D08F44DF21708CD90060FBAE /* String+Regex.swift */,
				D05D0C0721C6687100FAF3CC /* String+Paths.swift */,
				48C2480F2088CE9400DC9317 /* NSAttributedString+Codable.swift */,
			);
			path = Strings;
			sourceTree = "<group>";
		};
		D0323501205C2923003D6CCB /* Math & Geometry */ = {
			isa = PBXGroup;
			children = (
				D0C47CE320EE55DA003D3FA3 /* Number+Random.swift */,
				D03234FC205C2919003D6CCB /* CGPoint+Operators.swift */,
				D03234FB205C2919003D6CCB /* CGRect+Accessors.swift */,
				D0891243215A762200403100 /* CGPoint+String.swift */,
				D0859FDB2158FBF100F624C7 /* CGSize+String.swift */,
				D089124A215B723C00403100 /* CGRect+String.swift */,
				481A25BC2175D36000FB8E9A /* CGPath+RoundedRect.swift */,
				481A25BF2175D38700FB8E9A /* CACornerMask+Convenience.swift */,
				95CBED9221A5B4D100344220 /* Comparable+Clip.swift */,
				95F2DBA721B7DD9000865AE4 /* Bool+Operators.swift */,
			);
			path = "Math & Geometry";
			sourceTree = "<group>";
		};
		D0323505205C2C3E003D6CCB /* Graphics */ = {
			isa = PBXGroup;
			children = (
				D0323502205C2C3B003D6CCB /* MTLTexture+Extensions.swift */,
				D0EA52D920F8992300A0EF6D /* MTKTextureLoader+Extensions.swift */,
				D03F13B720F36D57004C8306 /* MTLComputeCommandEncoder+Extensions.swift */,
				D0323506205C2CB8003D6CCB /* float4x4+ConvenienceInit.swift */,
				D0C2293F21BFD2D100A624F5 /* CVPixelBuffer+Extensions.swift */,
			);
			path = Graphics;
			sourceTree = "<group>";
		};
		D032350F205C362F003D6CCB /* Date & Time */ = {
			isa = PBXGroup;
			children = (
				D032350C205C362A003D6CCB /* Date+Components.swift */,
				D086A25F21B95CD000ACF9CA /* CMTime+Logging.swift */,
			);
			path = "Date & Time";
			sourceTree = "<group>";
		};
		D05245CD2199A83900F1A9B5 /* Frameworks */ = {
			isa = PBXGroup;
			children = (
			);
			name = Frameworks;
			sourceTree = "<group>";
		};
		D056D43220527B7500849EF2 /* Threading */ = {
			isa = PBXGroup;
			children = (
				487107EE20A9B8E000120024 /* BXAtomic.swift */,
				4853E38C2056CF2C00938B82 /* BXReadWriteLock.swift */,
				D056D43F205296F100849EF2 /* Synchronized.swift */,
				D056D42F205276ED00849EF2 /* NSObject+Coalescing.swift */,
				D056D42E205276ED00849EF2 /* DispatchQueue+Throttle.swift */,
				485E0CEF20B580CD001F2247 /* DispatchQueue+Main.swift */,
				D0DA3331213DA04900994E89 /* DispatchGroup+Once.swift */,
			);
			path = Threading;
			sourceTree = "<group>";
		};
		D056D43A2052968A00849EF2 /* Logging */ = {
			isa = PBXGroup;
			children = (
				D056D43C205296A500849EF2 /* BXLogger.swift */,
				D056D43B205296A500849EF2 /* BXLogger+Domains.swift */,
				D0606C9320A5CFB50090D981 /* BXInstanceInfoMixin.swift */,
				D05D0C0D21CD17AD00FAF3CC /* BXSignpostMixin.swift */,
			);
			path = Logging;
			sourceTree = "<group>";
		};
		D0693F8820AC1C2700B5893C /* Undo */ = {
			isa = PBXGroup;
			children = (
				D0693F8920AC1C4500B5893C /* UndoManager+Disabling.swift */,
			);
			path = Undo;
			sourceTree = "<group>";
		};
		D06CC9212178C096009C2991 /* Files */ = {
			isa = PBXGroup;
			children = (
				D08F44E22170A4850060FBAE /* URL+ExtendedAttributesTests.swift */,
			);
			path = Files;
			sourceTree = "<group>";
		};
		D06CC9252178C619009C2991 /* Data */ = {
			isa = PBXGroup;
			children = (
				D06CC92A2178EADA009C2991 /* Data+Checksum.swift */,
				D06CC9222178C5F9009C2991 /* Data+Mutation.swift */,
				D06CC9382179DDE9009C2991 /* Data+TypeCasting.swift */,
			);
			path = Data;
			sourceTree = "<group>";
		};
		D06CC9292178D22A009C2991 /* Data */ = {
			isa = PBXGroup;
			children = (
				D06CC9262178D209009C2991 /* Data+MutationTests.swift */,
			);
			path = Data;
			sourceTree = "<group>";
		};
/* End PBXGroup section */

/* Begin PBXHeadersBuildPhase section */
		4875F25C205299A6009985EC /* Headers */ = {
			isa = PBXHeadersBuildPhase;
			buildActionMask = 2147483647;
			files = (
				48DA8199206A50DB009D1E6C /* NSException+ToSwiftError.h in Headers */,
				4875F27920529A0C009985EC /* BXSwiftUtils.h in Headers */,
			);
			runOnlyForDeploymentPostprocessing = 0;
		};
/* End PBXHeadersBuildPhase section */

/* Begin PBXNativeTarget section */
		4875F20F2051E70E009985EC /* BXSwiftUtils-Tests */ = {
			isa = PBXNativeTarget;
			buildConfigurationList = 4875F21E2051E70E009985EC /* Build configuration list for PBXNativeTarget "BXSwiftUtils-Tests" */;
			buildPhases = (
				4875F20C2051E70E009985EC /* Sources */,
				4875F20D2051E70E009985EC /* Frameworks */,
				4875F20E2051E70E009985EC /* Resources */,
			);
			buildRules = (
			);
			dependencies = (
			);
			name = "BXSwiftUtils-Tests";
			productName = BXSwiftUtilsTests;
			productReference = 4875F2102051E70E009985EC /* BXSwiftUtils-Tests.xctest */;
			productType = "com.apple.product-type.bundle.unit-test";
		};
		4875F25E205299A6009985EC /* BXSwiftUtils */ = {
			isa = PBXNativeTarget;
			buildConfigurationList = 4875F270205299A6009985EC /* Build configuration list for PBXNativeTarget "BXSwiftUtils" */;
			buildPhases = (
				4875F25A205299A6009985EC /* Sources */,
				4875F25B205299A6009985EC /* Frameworks */,
				4875F25C205299A6009985EC /* Headers */,
				4875F25D205299A6009985EC /* Resources */,
				481A257821748DAC00FB8E9A /* Export Product Location */,
			);
			buildRules = (
			);
			dependencies = (
			);
			name = BXSwiftUtils;
			productName = "BXSwiftUtils-iOS";
			productReference = 4875F25F205299A6009985EC /* BXSwiftUtils.framework */;
			productType = "com.apple.product-type.framework";
		};
/* End PBXNativeTarget section */

/* Begin PBXProject section */
		4875F1FE2051E70E009985EC /* Project object */ = {
			isa = PBXProject;
			attributes = {
				LastSwiftUpdateCheck = 0920;
				LastUpgradeCheck = 0930;
				ORGANIZATIONNAME = "Boinx Software Ltd. & Imagine GbR";
				TargetAttributes = {
					4875F20F2051E70E009985EC = {
						CreatedOnToolsVersion = 9.2;
						LastSwiftMigration = 0920;
					};
					4875F25E205299A6009985EC = {
						CreatedOnToolsVersion = 9.2;
						LastSwiftMigration = 0920;
						ProvisioningStyle = Automatic;
					};
				};
			};
			buildConfigurationList = 4875F2012051E70E009985EC /* Build configuration list for PBXProject "BXSwiftUtils" */;
			compatibilityVersion = "Xcode 8.0";
			developmentRegion = en;
			hasScannedForEncodings = 0;
			knownRegions = (
				en,
				Base,
			);
			mainGroup = 4875F1FD2051E70E009985EC;
			productRefGroup = 4875F2082051E70E009985EC /* Products */;
			projectDirPath = "";
			projectRoot = "";
			targets = (
				4875F25E205299A6009985EC /* BXSwiftUtils */,
				4875F20F2051E70E009985EC /* BXSwiftUtils-Tests */,
			);
		};
/* End PBXProject section */

/* Begin PBXResourcesBuildPhase section */
		4875F20E2051E70E009985EC /* Resources */ = {
			isa = PBXResourcesBuildPhase;
			buildActionMask = 2147483647;
			files = (
			);
			runOnlyForDeploymentPostprocessing = 0;
		};
		4875F25D205299A6009985EC /* Resources */ = {
			isa = PBXResourcesBuildPhase;
			buildActionMask = 2147483647;
			files = (
			);
			runOnlyForDeploymentPostprocessing = 0;
		};
/* End PBXResourcesBuildPhase section */

/* Begin PBXShellScriptBuildPhase section */
		481A257821748DAC00FB8E9A /* Export Product Location */ = {
			isa = PBXShellScriptBuildPhase;
			buildActionMask = 2147483647;
			files = (
			);
			inputFileListPaths = (
			);
			inputPaths = (
			);
			name = "Export Product Location";
			outputFileListPaths = (
			);
			outputPaths = (
			);
			runOnlyForDeploymentPostprocessing = 0;
			shellPath = /bin/sh;
			shellScript = "echo \"Write build details to .bx_build_env\"\necho \"BUILD_PRODUCTS_DIR=$BUILT_PRODUCTS_DIR PRODUCT_NAME=$FULL_PRODUCT_NAME SRCROOT=$SRCROOT\" > $SRCROOT/.bx_build_env\n";
			showEnvVarsInLog = 0;
		};
/* End PBXShellScriptBuildPhase section */

/* Begin PBXSourcesBuildPhase section */
		4875F20C2051E70E009985EC /* Sources */ = {
			isa = PBXSourcesBuildPhase;
			buildActionMask = 2147483647;
			files = (
				4875F2552051EF7F009985EC /* Collection+SafeAccessTests.swift in Sources */,
				484D065620592898003C6CA3 /* Array+AllEqualTests.swift in Sources */,
				D06CC91F2178B089009C2991 /* String+RegexTests.swift in Sources */,
				D06CC9272178D209009C2991 /* Data+MutationTests.swift in Sources */,
				48DE068D20876E52000246CD /* Dictionary+EnumKeysTests.swift in Sources */,
				48D9E36121A6B75E0057B930 /* Comparable+ClipTests.swift in Sources */,
				4853E38A2056BDE400938B82 /* SynchronizedTests.swift in Sources */,
				4826E581208F534000A5BA9B /* Array+DecodableTests.swift in Sources */,
				48FF9BCA20E1174C00024C10 /* Weak.swift in Sources */,
				489E56A92052CAD00071BBF1 /* BXLoggerTests.swift in Sources */,
				48A971DD2158F78400215F9F /* Equatable+IsContainedInTests.swift in Sources */,
				48DA81A6206B8154009D1E6C /* KVOTestsObjC.m in Sources */,
				48DA819E206A5268009D1E6C /* NSException+ToSwiftErrorTests.swift in Sources */,
				487E642120A0A6C0007C4A8A /* Collection+Flatten.swift in Sources */,
				48DA8193206A4E9C009D1E6C /* KVOTests.swift in Sources */,
				48B6191B215E2CD300E6E037 /* BXCleanupPool+Tests.swift in Sources */,
				48DF72F520697E1E00D224AA /* TypedKVOTests.swift in Sources */,
				4875F24F2051ECF9009985EC /* Array+ConcatenationTests.swift in Sources */,
				48AD6CA02147FD6400225D9C /* String+UniqueByIncrementingTests.swift in Sources */,
				481BE6D62098368E00F12EDF /* Sequence+CompactMap.swift in Sources */,
				D08F44E32170A4850060FBAE /* URL+ExtendedAttributesTests.swift in Sources */,
				95F2DBAB21B7E3FE00865AE4 /* Bool+OperatorsTests.swift in Sources */,
				4853E3902056D11500938B82 /* BXReadWriteLockTests.swift in Sources */,
				48A971E52159122800215F9F /* Enum+Comparable.swift in Sources */,
				48C248142088CF4100DC9317 /* NSAttributedString+CodableTests.swift in Sources */,
				48C3DF6820E10E2400359288 /* TypedKVO+propagateChangesTests.swift in Sources */,
				D02C351B21E38D5100D8463F /* Numeric+LocalizedTests.swift in Sources */,
				48DA81D3206BCE1C009D1E6C /* Collection+PluckTests.swift in Sources */,
			);
			runOnlyForDeploymentPostprocessing = 0;
		};
		4875F25A205299A6009985EC /* Sources */ = {
			isa = PBXSourcesBuildPhase;
			buildActionMask = 2147483647;
			files = (
				D0C8448B21D5FB3500229319 /* NotificationCenter+AutoRemoving.swift in Sources */,
				D0323508205C2CB8003D6CCB /* float4x4+ConvenienceInit.swift in Sources */,
				4875F27820529A06009985EC /* DispatchQueue+Throttle.swift in Sources */,
				4875F277205299FB009985EC /* Collection+SafeAccess.swift in Sources */,
				D03234FA205C1CDB003D6CCB /* NSObject+Coalescing.swift in Sources */,
				95F2DBA821B7DD9000865AE4 /* Bool+Operators.swift in Sources */,
				4853E38E2056CF2C00938B82 /* BXReadWriteLock.swift in Sources */,
				D0859FE02158FC7400F624C7 /* NSLocale+FMExtensions.swift in Sources */,
				D03F13B920F36D57004C8306 /* MTLComputeCommandEncoder+Extensions.swift in Sources */,
				D05D0C0821C6687100FAF3CC /* String+Paths.swift in Sources */,
				48FF9BC820E116B100024C10 /* Weak.swift in Sources */,
				48A971DB2158F75800215F9F /* Equatable+IsContainedIn.swift in Sources */,
				481A25C12175D38700FB8E9A /* CACornerMask+Convenience.swift in Sources */,
				4875F276205299F7009985EC /* Array+Concatenation.swift in Sources */,
				D06CC92B2178EADA009C2991 /* Data+Checksum.swift in Sources */,
				481BE6D42098362C00F12EDF /* Sequence+CompactMap.swift in Sources */,
				D0149008213D566500A38870 /* KVO+propagateChanges.swift in Sources */,
				487A39CE2069174E007BEC66 /* TypedKVO.swift in Sources */,
				D06CC9232178C5F9009C2991 /* Data+Mutation.swift in Sources */,
				D0EA52DB20F8992300A0EF6D /* MTKTextureLoader+Extensions.swift in Sources */,
				48DA819B206A50DB009D1E6C /* NSException+ToSwiftError.m in Sources */,
				487107F020A9B8E000120024 /* BXAtomic.swift in Sources */,
				48A971E22159024100215F9F /* Enum+Comparable.swift in Sources */,
				D06F462E209073D0000986B8 /* Collection+Codable.swift in Sources */,
				D03234EF205BFC9F003D6CCB /* String+Localized.swift in Sources */,
				95CBED9321A5B4D100344220 /* Comparable+Clip.swift in Sources */,
				D046DF85216B7ED0004331C3 /* Optional+If.swift in Sources */,
				D03234FE205C2919003D6CCB /* CGRect+Accessors.swift in Sources */,
				D032350E205C362A003D6CCB /* Date+Components.swift in Sources */,
				48B6191F215E35DB00E6E037 /* OptionalType.swift in Sources */,
				D08F44E121708CD90060FBAE /* String+Regex.swift in Sources */,
				48DA81D1206BCD92009D1E6C /* Collection+Pluck.swift in Sources */,
				D0C47CE520EE55DA003D3FA3 /* Number+Random.swift in Sources */,
				D03234EB205BF939003D6CCB /* URL+Info.swift in Sources */,
				4826E57F208F533400A5BA9B /* Array+Decodable.swift in Sources */,
				D0859FD52158F7E200F624C7 /* URL+ExtendedAttributes.swift in Sources */,
				D07D760521DDF71D008A6E32 /* String+Timecode.swift in Sources */,
				48B61918215E2C8000E6E037 /* BXCleanupPool.swift in Sources */,
				487A39D320693A25007BEC66 /* KVO.swift in Sources */,
				D089124B215B723C00403100 /* CGRect+String.swift in Sources */,
				48AD6C9E2147FCC400225D9C /* String+UniqueByIncrementing.swift in Sources */,
				D0D9419B21A56B8800D6B43F /* DisplayableEnum.swift in Sources */,
				D0859FD22158F7DD00F624C7 /* URL+Contents.swift in Sources */,
				D0323504205C2C3B003D6CCB /* MTLTexture+Extensions.swift in Sources */,
				487E641F20A0A659007C4A8A /* Collection+Flatten.swift in Sources */,
				D046DF88216BAB59004331C3 /* String+DataDetection.swift in Sources */,
				48DE068B20876612000246CD /* Dictionary+EnumKeys.swift in Sources */,
				D0693F8B20AC1C4500B5893C /* UndoManager+Disabling.swift in Sources */,
				48C3DF6620E10DC300359288 /* TypedKVO+propagateChanges.swift in Sources */,
				D0891244215A762200403100 /* CGPoint+String.swift in Sources */,
				D0859FDD2158FBF100F624C7 /* CGSize+String.swift in Sources */,
				484D0654205927F0003C6CA3 /* Array+AllEqual.swift in Sources */,
				489E56AC2052CC7A0071BBF1 /* BXLogger+Domains.swift in Sources */,
				D0C2294021BFD2D100A624F5 /* CVPixelBuffer+Extensions.swift in Sources */,
				D05D0C0E21CD17AD00FAF3CC /* BXSignpostMixin.swift in Sources */,
				489E56AB2052CC770071BBF1 /* BXLogger.swift in Sources */,
				D0B38D7821CE6F180068148D /* Array+Groups.swift in Sources */,
				D05D0C0A21C69EE200FAF3CC /* URL+Resolving.swift in Sources */,
				D0606C9520A5CFB50090D981 /* BXInstanceInfoMixin.swift in Sources */,
				D07D760321DDF136008A6E32 /* Numeric+Localized.swift in Sources */,
				D086A26021B95CD000ACF9CA /* CMTime+Logging.swift in Sources */,
				485E0CF120B580CD001F2247 /* DispatchQueue+Main.swift in Sources */,
				489E56AD2052CC800071BBF1 /* Synchronized.swift in Sources */,
				481A25BE2175D36000FB8E9A /* CGPath+RoundedRect.swift in Sources */,
				48C248112088CE9400DC9317 /* NSAttributedString+Codable.swift in Sources */,
				D0323500205C2919003D6CCB /* CGPoint+Operators.swift in Sources */,
				D0DA3333213DA04A00994E89 /* DispatchGroup+Once.swift in Sources */,
				D06CC93A2179DDE9009C2991 /* Data+TypeCasting.swift in Sources */,
			);
			runOnlyForDeploymentPostprocessing = 0;
		};
/* End PBXSourcesBuildPhase section */

/* Begin XCBuildConfiguration section */
		4875F2192051E70E009985EC /* Debug */ = {
			isa = XCBuildConfiguration;
			baseConfigurationReference = D0542502219978E200BE2A42 /* BXSwiftUtils.xcconfig */;
			buildSettings = {
				ALWAYS_SEARCH_USER_PATHS = NO;
				CLANG_ANALYZER_NONNULL = YES;
				CLANG_ANALYZER_NUMBER_OBJECT_CONVERSION = YES_AGGRESSIVE;
				CLANG_CXX_LANGUAGE_STANDARD = "gnu++14";
				CLANG_CXX_LIBRARY = "libc++";
				CLANG_ENABLE_MODULES = YES;
				CLANG_ENABLE_OBJC_ARC = YES;
				CLANG_WARN_BLOCK_CAPTURE_AUTORELEASING = YES;
				CLANG_WARN_BOOL_CONVERSION = YES;
				CLANG_WARN_COMMA = YES;
				CLANG_WARN_CONSTANT_CONVERSION = YES;
				CLANG_WARN_DEPRECATED_OBJC_IMPLEMENTATIONS = YES;
				CLANG_WARN_DIRECT_OBJC_ISA_USAGE = YES_ERROR;
				CLANG_WARN_DOCUMENTATION_COMMENTS = YES;
				CLANG_WARN_EMPTY_BODY = YES;
				CLANG_WARN_ENUM_CONVERSION = YES;
				CLANG_WARN_INFINITE_RECURSION = YES;
				CLANG_WARN_INT_CONVERSION = YES;
				CLANG_WARN_NON_LITERAL_NULL_CONVERSION = YES;
				CLANG_WARN_OBJC_IMPLICIT_RETAIN_SELF = YES;
				CLANG_WARN_OBJC_LITERAL_CONVERSION = YES;
				CLANG_WARN_OBJC_ROOT_CLASS = YES_ERROR;
				CLANG_WARN_RANGE_LOOP_ANALYSIS = YES;
				CLANG_WARN_STRICT_PROTOTYPES = YES;
				CLANG_WARN_SUSPICIOUS_MOVE = YES;
				CLANG_WARN_UNGUARDED_AVAILABILITY = YES_AGGRESSIVE;
				CLANG_WARN_UNREACHABLE_CODE = YES;
				CLANG_WARN__DUPLICATE_METHOD_MATCH = YES;
				CURRENT_PROJECT_VERSION = 1;
				DEBUG_INFORMATION_FORMAT = dwarf;
				ENABLE_STRICT_OBJC_MSGSEND = YES;
				ENABLE_TESTABILITY = YES;
				GCC_C_LANGUAGE_STANDARD = gnu11;
				GCC_DYNAMIC_NO_PIC = NO;
				GCC_NO_COMMON_BLOCKS = YES;
				GCC_OPTIMIZATION_LEVEL = 0;
				GCC_PREPROCESSOR_DEFINITIONS = (
					"DEBUG=1",
					"$(inherited)",
				);
				GCC_WARN_64_TO_32_BIT_CONVERSION = YES;
				GCC_WARN_ABOUT_RETURN_TYPE = YES_ERROR;
				GCC_WARN_UNDECLARED_SELECTOR = YES;
				GCC_WARN_UNINITIALIZED_AUTOS = YES_AGGRESSIVE;
				GCC_WARN_UNUSED_FUNCTION = YES;
				GCC_WARN_UNUSED_VARIABLE = YES;
				MTL_ENABLE_DEBUG_INFO = YES;
				ONLY_ACTIVE_ARCH = YES;
				SWIFT_ACTIVE_COMPILATION_CONDITIONS = DEBUG;
				SWIFT_OPTIMIZATION_LEVEL = "-Onone";
				SWIFT_VERSION = 4.0;
				VERSIONING_SYSTEM = "apple-generic";
				VERSION_INFO_PREFIX = "";
			};
			name = Debug;
		};
		4875F21A2051E70E009985EC /* Release */ = {
			isa = XCBuildConfiguration;
			baseConfigurationReference = D0542502219978E200BE2A42 /* BXSwiftUtils.xcconfig */;
			buildSettings = {
				ALWAYS_SEARCH_USER_PATHS = NO;
				CLANG_ANALYZER_NONNULL = YES;
				CLANG_ANALYZER_NUMBER_OBJECT_CONVERSION = YES_AGGRESSIVE;
				CLANG_CXX_LANGUAGE_STANDARD = "gnu++14";
				CLANG_CXX_LIBRARY = "libc++";
				CLANG_ENABLE_MODULES = YES;
				CLANG_ENABLE_OBJC_ARC = YES;
				CLANG_WARN_BLOCK_CAPTURE_AUTORELEASING = YES;
				CLANG_WARN_BOOL_CONVERSION = YES;
				CLANG_WARN_COMMA = YES;
				CLANG_WARN_CONSTANT_CONVERSION = YES;
				CLANG_WARN_DEPRECATED_OBJC_IMPLEMENTATIONS = YES;
				CLANG_WARN_DIRECT_OBJC_ISA_USAGE = YES_ERROR;
				CLANG_WARN_DOCUMENTATION_COMMENTS = YES;
				CLANG_WARN_EMPTY_BODY = YES;
				CLANG_WARN_ENUM_CONVERSION = YES;
				CLANG_WARN_INFINITE_RECURSION = YES;
				CLANG_WARN_INT_CONVERSION = YES;
				CLANG_WARN_NON_LITERAL_NULL_CONVERSION = YES;
				CLANG_WARN_OBJC_IMPLICIT_RETAIN_SELF = YES;
				CLANG_WARN_OBJC_LITERAL_CONVERSION = YES;
				CLANG_WARN_OBJC_ROOT_CLASS = YES_ERROR;
				CLANG_WARN_RANGE_LOOP_ANALYSIS = YES;
				CLANG_WARN_STRICT_PROTOTYPES = YES;
				CLANG_WARN_SUSPICIOUS_MOVE = YES;
				CLANG_WARN_UNGUARDED_AVAILABILITY = YES_AGGRESSIVE;
				CLANG_WARN_UNREACHABLE_CODE = YES;
				CLANG_WARN__DUPLICATE_METHOD_MATCH = YES;
				CURRENT_PROJECT_VERSION = 1;
				DEBUG_INFORMATION_FORMAT = "dwarf-with-dsym";
				ENABLE_NS_ASSERTIONS = NO;
				ENABLE_STRICT_OBJC_MSGSEND = YES;
				GCC_C_LANGUAGE_STANDARD = gnu11;
				GCC_NO_COMMON_BLOCKS = YES;
				GCC_WARN_64_TO_32_BIT_CONVERSION = YES;
				GCC_WARN_ABOUT_RETURN_TYPE = YES_ERROR;
				GCC_WARN_UNDECLARED_SELECTOR = YES;
				GCC_WARN_UNINITIALIZED_AUTOS = YES_AGGRESSIVE;
				GCC_WARN_UNUSED_FUNCTION = YES;
				GCC_WARN_UNUSED_VARIABLE = YES;
				MTL_ENABLE_DEBUG_INFO = NO;
				SWIFT_OPTIMIZATION_LEVEL = "-Owholemodule";
				SWIFT_VERSION = 4.0;
				VERSIONING_SYSTEM = "apple-generic";
				VERSION_INFO_PREFIX = "";
			};
			name = Release;
		};
		4875F21F2051E70E009985EC /* Debug */ = {
			isa = XCBuildConfiguration;
			buildSettings = {
				ALWAYS_EMBED_SWIFT_STANDARD_LIBRARIES = YES;
				CLANG_ENABLE_MODULES = YES;
				CODE_SIGN_IDENTITY = "";
				COMBINE_HIDPI_IMAGES = YES;
				INFOPLIST_FILE = BXSwiftUtilsTests/Info.plist;
				PRODUCT_BUNDLE_IDENTIFIER = "com.boinx.$(TARGET_NAME)";
				PRODUCT_NAME = "$(TARGET_NAME)";
				SWIFT_OPTIMIZATION_LEVEL = "-Onone";
			};
			name = Debug;
		};
		4875F2202051E70E009985EC /* Release */ = {
			isa = XCBuildConfiguration;
			buildSettings = {
				ALWAYS_EMBED_SWIFT_STANDARD_LIBRARIES = YES;
				CLANG_ENABLE_MODULES = YES;
				CODE_SIGN_IDENTITY = "";
				COMBINE_HIDPI_IMAGES = YES;
				INFOPLIST_FILE = BXSwiftUtilsTests/Info.plist;
				PRODUCT_BUNDLE_IDENTIFIER = "com.boinx.$(TARGET_NAME)";
				PRODUCT_NAME = "$(TARGET_NAME)";
			};
			name = Release;
		};
		4875F271205299A6009985EC /* Debug */ = {
			isa = XCBuildConfiguration;
			buildSettings = {
				CLANG_ENABLE_MODULES = YES;
				DEFINES_MODULE = YES;
				DYLIB_COMPATIBILITY_VERSION = 1;
				DYLIB_CURRENT_VERSION = 1;
				DYLIB_INSTALL_NAME_BASE = "@rpath";
				INFOPLIST_FILE = Info.plist;
				INSTALL_PATH = "$(LOCAL_LIBRARY_DIR)/Frameworks";
				LD_DYLIB_INSTALL_NAME = "$(DYLIB_INSTALL_NAME_BASE:standardizepath)/$(EXECUTABLE_PATH)";
				LD_RUNPATH_SEARCH_PATHS = "$(inherited) @executable_path/Frameworks @loader_path/Frameworks";
				MACOSX_DEPLOYMENT_TARGET = 10.11;
				PRODUCT_BUNDLE_IDENTIFIER = com.boinx.BXSwiftUtils;
				PRODUCT_NAME = BXSwiftUtils;
				SKIP_INSTALL = YES;
				SWIFT_OPTIMIZATION_LEVEL = "-Onone";
				SWIFT_VERSION = 4.0;
				TARGETED_DEVICE_FAMILY = "1,2";
				WARNING_CFLAGS = (
					"-Wall",
					"-Werror=nonnull",
					"-Werror=partial-availability",
					"-Werror=incomplete-implementation",
					"-Werror=protocol",
					"-Werror=incompatible-pointer-types",
				);
			};
			name = Debug;
		};
		4875F272205299A6009985EC /* Release */ = {
			isa = XCBuildConfiguration;
			buildSettings = {
				CLANG_ENABLE_MODULES = YES;
				DEFINES_MODULE = YES;
				DYLIB_COMPATIBILITY_VERSION = 1;
				DYLIB_CURRENT_VERSION = 1;
				DYLIB_INSTALL_NAME_BASE = "@rpath";
				INFOPLIST_FILE = Info.plist;
				INSTALL_PATH = "$(LOCAL_LIBRARY_DIR)/Frameworks";
				LD_DYLIB_INSTALL_NAME = "$(DYLIB_INSTALL_NAME_BASE:standardizepath)/$(EXECUTABLE_PATH)";
				LD_RUNPATH_SEARCH_PATHS = "$(inherited) @executable_path/Frameworks @loader_path/Frameworks";
				MACOSX_DEPLOYMENT_TARGET = 10.11;
				PRODUCT_BUNDLE_IDENTIFIER = com.boinx.BXSwiftUtils;
				PRODUCT_NAME = BXSwiftUtils;
				SKIP_INSTALL = YES;
				SWIFT_VERSION = 4.0;
				TARGETED_DEVICE_FAMILY = "1,2";
				VALIDATE_PRODUCT = YES;
				WARNING_CFLAGS = (
					"-Wall",
					"-Werror=nonnull",
					"-Werror=partial-availability",
					"-Werror=incomplete-implementation",
					"-Werror=protocol",
					"-Werror=incompatible-pointer-types",
				);
			};
			name = Release;
		};
/* End XCBuildConfiguration section */

/* Begin XCConfigurationList section */
		4875F2012051E70E009985EC /* Build configuration list for PBXProject "BXSwiftUtils" */ = {
			isa = XCConfigurationList;
			buildConfigurations = (
				4875F2192051E70E009985EC /* Debug */,
				4875F21A2051E70E009985EC /* Release */,
			);
			defaultConfigurationIsVisible = 0;
			defaultConfigurationName = Release;
		};
		4875F21E2051E70E009985EC /* Build configuration list for PBXNativeTarget "BXSwiftUtils-Tests" */ = {
			isa = XCConfigurationList;
			buildConfigurations = (
				4875F21F2051E70E009985EC /* Debug */,
				4875F2202051E70E009985EC /* Release */,
			);
			defaultConfigurationIsVisible = 0;
			defaultConfigurationName = Release;
		};
		4875F270205299A6009985EC /* Build configuration list for PBXNativeTarget "BXSwiftUtils" */ = {
			isa = XCConfigurationList;
			buildConfigurations = (
				4875F271205299A6009985EC /* Debug */,
				4875F272205299A6009985EC /* Release */,
			);
			defaultConfigurationIsVisible = 0;
			defaultConfigurationName = Release;
		};
/* End XCConfigurationList section */
	};
	rootObject = 4875F1FE2051E70E009985EC /* Project object */;
}
